
Microsoft Visual Studio Solution File, Format Version 12.00
# Visual Studio Version 17
VisualStudioVersion = 17.14.36221.1 d17.14
MinimumVisualStudioVersion = 10.0.40219.1
Project("{FAE04EC0-301F-11D3-BF4B-00C04F79EFBC}") = "10_RadioCheckBox", "10_RadioCheckBox.csproj", "{7073320C-E701-4036-A16B-DFA42FDEDAC1}"
EndProject
Global
	GlobalSection(SolutionConfigurationPlatforms) = preSolution
		Debug|Any CPU = Debug|Any CPU
		Release|Any CPU = Release|Any CPU
	EndGlobalSection
	GlobalSection(ProjectConfigurationPlatforms) = postSolution
		{7073320C-E701-4036-A16B-DFA42FDEDAC1}.Debug|Any CPU.ActiveCfg = Debug|Any CPU
		{7073320C-E701-4036-A16B-DFA42FDEDAC1}.Debug|Any CPU.Build.0 = Debug|Any CPU
		{7073320C-E701-4036-A16B-DFA42FDEDAC1}.Release|Any CPU.ActiveCfg = Release|Any CPU
		{7073320C-E701-4036-A16B-DFA42FDEDAC1}.Release|Any CPU.Build.0 = Release|Any CPU
	EndGlobalSection
	GlobalSection(SolutionProperties) = preSolution
		HideSolutionNode = FALSE
	EndGlobalSection
	GlobalSection(ExtensibilityGlobals) = postSolution
		SolutionGuid = {875D0823-D1C5-4CF7-9829-EE261CC91F02}
	EndGlobalSection
EndGlobal
